// !$*UTF8*$!
{
	archiveVersion = 1;
	classes = {
	};
	objectVersion = 46;
	objects = {

/* Begin PBXBuildFile section */
		93E710D11DC33CCE0050FE13 /* main.m in Sources */ = {isa = PBXBuildFile; fileRef = 93E710D01DC33CCE0050FE13 /* main.m */; };
		93E710D41DC33CCE0050FE13 /* AppDelegate.m in Sources */ = {isa = PBXBuildFile; fileRef = 93E710D31DC33CCE0050FE13 /* AppDelegate.m */; };
		93E710D71DC33CCE0050FE13 /* ViewController.m in Sources */ = {isa = PBXBuildFile; fileRef = 93E710D61DC33CCE0050FE13 /* ViewController.m */; };
		93E710DA1DC33CCE0050FE13 /* Main.storyboard in Resources */ = {isa = PBXBuildFile; fileRef = 93E710D81DC33CCE0050FE13 /* Main.storyboard */; };
		93E710DC1DC33CCE0050FE13 /* Assets.xcassets in Resources */ = {isa = PBXBuildFile; fileRef = 93E710DB1DC33CCE0050FE13 /* Assets.xcassets */; };
		93E710DF1DC33CCE0050FE13 /* LaunchScreen.storyboard in Resources */ = {isa = PBXBuildFile; fileRef = 93E710DD1DC33CCE0050FE13 /* LaunchScreen.storyboard */; };
		93E710E91DC33E560050FE13 /* CarouselImageView.m in Sources */ = {isa = PBXBuildFile; fileRef = 93E710E81DC33E560050FE13 /* CarouselImageView.m */; };
		B0DC08C82A4A4EE2CF0B61E2 /* libPods-CarouselImageView的封装--Jialins.a in Frameworks */ = {isa = PBXBuildFile; fileRef = 6E4ABDDB07022CA58734A989 /* libPods-CarouselImageView的封装--Jialins.a */; };
/* End PBXBuildFile section */

/* Begin PBXFileReference section */
		01E8E265FF6926351A1867E7 /* Pods-CarouselImageView的封装--Jialins.release.xcconfig */ = {isa = PBXFileReference; includeInIndex = 1; lastKnownFileType = text.xcconfig; name = "Pods-CarouselImageView的封装--Jialins.release.xcconfig"; path = "Pods/Target Support Files/Pods-CarouselImageView的封装--Jialins/Pods-CarouselImageView的封装--Jialins.release.xcconfig"; sourceTree = "<group>"; };
		3B9231784E974385201C4C33 /* Pods-CarouselImageView的封装--Jialins.debug.xcconfig */ = {isa = PBXFileReference; includeInIndex = 1; lastKnownFileType = text.xcconfig; name = "Pods-CarouselImageView的封装--Jialins.debug.xcconfig"; path = "Pods/Target Support Files/Pods-CarouselImageView的封装--Jialins/Pods-CarouselImageView的封装--Jialins.debug.xcconfig"; sourceTree = "<group>"; };
		6E4ABDDB07022CA58734A989 /* libPods-CarouselImageView的封装--Jialins.a */ = {isa = PBXFileReference; explicitFileType = archive.ar; includeInIndex = 0; path = "libPods-CarouselImageView的封装--Jialins.a"; sourceTree = BUILT_PRODUCTS_DIR; };
		93E710CC1DC33CCE0050FE13 /* CarouselImageView的封装--Jialins.app */ = {isa = PBXFileReference; explicitFileType = wrapper.application; includeInIndex = 0; path = "CarouselImageView的封装--Jialins.app"; sourceTree = BUILT_PRODUCTS_DIR; };
		93E710D01DC33CCE0050FE13 /* main.m */ = {isa = PBXFileReference; lastKnownFileType = sourcecode.c.objc; path = main.m; sourceTree = "<group>"; };
		93E710D21DC33CCE0050FE13 /* AppDelegate.h */ = {isa = PBXFileReference; lastKnownFileType = sourcecode.c.h; path = AppDelegate.h; sourceTree = "<group>"; };
		93E710D31DC33CCE0050FE13 /* AppDelegate.m */ = {isa = PBXFileReference; lastKnownFileType = sourcecode.c.objc; path = AppDelegate.m; sourceTree = "<group>"; };
		93E710D51DC33CCE0050FE13 /* ViewController.h */ = {isa = PBXFileReference; lastKnownFileType = sourcecode.c.h; path = ViewController.h; sourceTree = "<group>"; };
		93E710D61DC33CCE0050FE13 /* ViewController.m */ = {isa = PBXFileReference; lastKnownFileType = sourcecode.c.objc; path = ViewController.m; sourceTree = "<group>"; };
		93E710D91DC33CCE0050FE13 /* Base */ = {isa = PBXFileReference; lastKnownFileType = file.storyboard; name = Base; path = Base.lproj/Main.storyboard; sourceTree = "<group>"; };
		93E710DB1DC33CCE0050FE13 /* Assets.xcassets */ = {isa = PBXFileReference; lastKnownFileType = folder.assetcatalog; path = Assets.xcassets; sourceTree = "<group>"; };
		93E710DE1DC33CCE0050FE13 /* Base */ = {isa = PBXFileReference; lastKnownFileType = file.storyboard; name = Base; path = Base.lproj/LaunchScreen.storyboard; sourceTree = "<group>"; };
		93E710E01DC33CCE0050FE13 /* Info.plist */ = {isa = PBXFileReference; lastKnownFileType = text.plist.xml; path = Info.plist; sourceTree = "<group>"; };
		93E710E71DC33E560050FE13 /* CarouselImageView.h */ = {isa = PBXFileReference; fileEncoding = 4; lastKnownFileType = sourcecode.c.h; path = CarouselImageView.h; sourceTree = "<group>"; };
		93E710E81DC33E560050FE13 /* CarouselImageView.m */ = {isa = PBXFileReference; fileEncoding = 4; lastKnownFileType = sourcecode.c.objc; path = CarouselImageView.m; sourceTree = "<group>"; };
/* End PBXFileReference section */

/* Begin PBXFrameworksBuildPhase section */
		93E710C91DC33CCE0050FE13 /* Frameworks */ = {
			isa = PBXFrameworksBuildPhase;
			buildActionMask = 2147483647;
			files = (
				B0DC08C82A4A4EE2CF0B61E2 /* libPods-CarouselImageView的封装--Jialins.a in Frameworks */,
			);
			runOnlyForDeploymentPostprocessing = 0;
		};
/* End PBXFrameworksBuildPhase section */

/* Begin PBXGroup section */
		296E8619CBD6DA53B7291A53 /* Pods */ = {
			isa = PBXGroup;
			children = (
				3B9231784E974385201C4C33 /* Pods-CarouselImageView的封装--Jialins.debug.xcconfig */,
				01E8E265FF6926351A1867E7 /* Pods-CarouselImageView的封装--Jialins.release.xcconfig */,
			);
			name = Pods;
			sourceTree = "<group>";
		};
		4AD07D9AB3F9B766311B7D6E /* Frameworks */ = {
			isa = PBXGroup;
			children = (
				6E4ABDDB07022CA58734A989 /* libPods-CarouselImageView的封装--Jialins.a */,
			);
			name = Frameworks;
			sourceTree = "<group>";
		};
		93E710C31DC33CCE0050FE13 = {
			isa = PBXGroup;
			children = (
				93E710CE1DC33CCE0050FE13 /* CarouselImageView的封装--Jialins */,
				93E710CD1DC33CCE0050FE13 /* Products */,
				296E8619CBD6DA53B7291A53 /* Pods */,
				4AD07D9AB3F9B766311B7D6E /* Frameworks */,
			);
			sourceTree = "<group>";
		};
		93E710CD1DC33CCE0050FE13 /* Products */ = {
			isa = PBXGroup;
			children = (
				93E710CC1DC33CCE0050FE13 /* CarouselImageView的封装--Jialins.app */,
			);
			name = Products;
			sourceTree = "<group>";
		};
		93E710CE1DC33CCE0050FE13 /* CarouselImageView的封装--Jialins */ = {
			isa = PBXGroup;
			children = (
				93E710E61DC33DD20050FE13 /* CarouselImageView */,
				93E710D51DC33CCE0050FE13 /* ViewController.h */,
				93E710D61DC33CCE0050FE13 /* ViewController.m */,
				93E710CF1DC33CCE0050FE13 /* Supporting Files */,
			);
			path = "CarouselImageView的封装--Jialins";
			sourceTree = "<group>";
		};
		93E710CF1DC33CCE0050FE13 /* Supporting Files */ = {
			isa = PBXGroup;
			children = (
				93E710D21DC33CCE0050FE13 /* AppDelegate.h */,
				93E710D31DC33CCE0050FE13 /* AppDelegate.m */,
				93E710D81DC33CCE0050FE13 /* Main.storyboard */,
				93E710DB1DC33CCE0050FE13 /* Assets.xcassets */,
				93E710DD1DC33CCE0050FE13 /* LaunchScreen.storyboard */,
				93E710E01DC33CCE0050FE13 /* Info.plist */,
				93E710D01DC33CCE0050FE13 /* main.m */,
			);
			name = "Supporting Files";
			sourceTree = "<group>";
		};
		93E710E61DC33DD20050FE13 /* CarouselImageView */ = {
			isa = PBXGroup;
			children = (
				93E710E71DC33E560050FE13 /* CarouselImageView.h */,
				93E710E81DC33E560050FE13 /* CarouselImageView.m */,
			);
			path = CarouselImageView;
			sourceTree = "<group>";
		};
/* End PBXGroup section */

/* Begin PBXNativeTarget section */
		93E710CB1DC33CCE0050FE13 /* CarouselImageView的封装--Jialins */ = {
			isa = PBXNativeTarget;
			buildConfigurationList = 93E710E31DC33CCE0050FE13 /* Build configuration list for PBXNativeTarget "CarouselImageView的封装--Jialins" */;
			buildPhases = (
				453D566FCE10CAA58CC607F3 /* [CP] Check Pods Manifest.lock */,
				93E710C81DC33CCE0050FE13 /* Sources */,
				93E710C91DC33CCE0050FE13 /* Frameworks */,
				93E710CA1DC33CCE0050FE13 /* Resources */,
				E5446838A8028BF415AA6869 /* [CP] Embed Pods Frameworks */,
				DD5ED2EC355AC51592CE5238 /* [CP] Copy Pods Resources */,
			);
			buildRules = (
			);
			dependencies = (
			);
			name = "CarouselImageView的封装--Jialins";
			productName = "CarouselImageView的封装--Jialins";
			productReference = 93E710CC1DC33CCE0050FE13 /* CarouselImageView的封装--Jialins.app */;
			productType = "com.apple.product-type.application";
		};
/* End PBXNativeTarget section */

/* Begin PBXProject section */
		93E710C41DC33CCE0050FE13 /* Project object */ = {
			isa = PBXProject;
			attributes = {
				LastUpgradeCheck = 0800;
				ORGANIZATIONNAME = jialins;
				TargetAttributes = {
					93E710CB1DC33CCE0050FE13 = {
						CreatedOnToolsVersion = 8.0;
						DevelopmentTeam = T2F8VU8FF2;
						ProvisioningStyle = Automatic;
					};
				};
			};
			buildConfigurationList = 93E710C71DC33CCE0050FE13 /* Build configuration list for PBXProject "CarouselImageView的封装--Jialins" */;
			compatibilityVersion = "Xcode 3.2";
			developmentRegion = English;
			hasScannedForEncodings = 0;
			knownRegions = (
				en,
				Base,
			);
			mainGroup = 93E710C31DC33CCE0050FE13;
			productRefGroup = 93E710CD1DC33CCE0050FE13 /* Products */;
			projectDirPath = "";
			projectRoot = "";
			targets = (
				93E710CB1DC33CCE0050FE13 /* CarouselImageView的封装--Jialins */,
			);
		};
/* End PBXProject section */

/* Begin PBXResourcesBuildPhase section */
		93E710CA1DC33CCE0050FE13 /* Resources */ = {
			isa = PBXResourcesBuildPhase;
			buildActionMask = 2147483647;
			files = (
				93E710DF1DC33CCE0050FE13 /* LaunchScreen.storyboard in Resources */,
				93E710DC1DC33CCE0050FE13 /* Assets.xcassets in Resources */,
				93E710DA1DC33CCE0050FE13 /* Main.storyboard in Resources */,
			);
			runOnlyForDeploymentPostprocessing = 0;
		};
/* End PBXResourcesBuildPhase section */

/* Begin PBXShellScriptBuildPhase section */
		453D566FCE10CAA58CC607F3 /* [CP] Check Pods Manifest.lock */ = {
			isa = PBXShellScriptBuildPhase;
			buildActionMask = 2147483647;
			files = (
			);
			inputPaths = (
			);
			name = "[CP] Check Pods Manifest.lock";
			outputPaths = (
			);
			runOnlyForDeploymentPostprocessing = 0;
			shellPath = /bin/sh;
			shellScript = "diff \"${PODS_ROOT}/../Podfile.lock\" \"${PODS_ROOT}/Manifest.lock\" > /dev/null\nif [ $? != 0 ] ; then\n    # print error to STDERR\n    echo \"error: The sandbox is not in sync with the Podfile.lock. Run 'pod install' or update your CocoaPods installation.\" >&2\n    exit 1\nfi\n";
			showEnvVarsInLog = 0;
		};
		DD5ED2EC355AC51592CE5238 /* [CP] Copy Pods Resources */ = {
			isa = PBXShellScriptBuildPhase;
			buildActionMask = 2147483647;
			files = (
			);
			inputPaths = (
			);
			name = "[CP] Copy Pods Resources";
			outputPaths = (
			);
			runOnlyForDeploymentPostprocessing = 0;
			shellPath = /bin/sh;
			shellScript = "\"${SRCROOT}/Pods/Target Support Files/Pods-CarouselImageView的封装--Jialins/Pods-CarouselImageView的封装--Jialins-resources.sh\"\n";
			showEnvVarsInLog = 0;
		};
		E5446838A8028BF415AA6869 /* [CP] Embed Pods Frameworks */ = {
			isa = PBXShellScriptBuildPhase;
			buildActionMask = 2147483647;
			files = (
			);
			inputPaths = (
			);
			name = "[CP] Embed Pods Frameworks";
			outputPaths = (
			);
			runOnlyForDeploymentPostprocessing = 0;
			shellPath = /bin/sh;
			shellScript = "\"${SRCROOT}/Pods/Target Support Files/Pods-CarouselImageView的封装--Jialins/Pods-CarouselImageView的封装--Jialins-frameworks.sh\"\n";
			showEnvVarsInLog = 0;
		};
/* End PBXShellScriptBuildPhase section */

/* Begin PBXSourcesBuildPhase section */
		93E710C81DC33CCE0050FE13 /* Sources */ = {
			isa = PBXSourcesBuildPhase;
			buildActionMask = 2147483647;
			files = (
				93E710D71DC33CCE0050FE13 /* ViewController.m in Sources */,
				93E710D41DC33CCE0050FE13 /* AppDelegate.m in Sources */,
				93E710E91DC33E560050FE13 /* CarouselImageView.m in Sources */,
				93E710D11DC33CCE0050FE13 /* main.m in Sources */,
			);
			runOnlyForDeploymentPostprocessing = 0;
		};
/* End PBXSourcesBuildPhase section */

/* Begin PBXVariantGroup section */
		93E710D81DC33CCE0050FE13 /* Main.storyboard */ = {
			isa = PBXVariantGroup;
			children = (
				93E710D91DC33CCE0050FE13 /* Base */,
			);
			name = Main.storyboard;
			sourceTree = "<group>";
		};
		93E710DD1DC33CCE0050FE13 /* LaunchScreen.storyboard */ = {
			isa = PBXVariantGroup;
			children = (
				93E710DE1DC33CCE0050FE13 /* Base */,
			);
			name = LaunchScreen.storyboard;
			sourceTree = "<group>";
		};
/* End PBXVariantGroup section */

/* Begin XCBuildConfiguration section */
		93E710E11DC33CCE0050FE13 /* Debug */ = {
			isa = XCBuildConfiguration;
			buildSettings = {
				ALWAYS_SEARCH_USER_PATHS = NO;
				CLANG_ANALYZER_NONNULL = YES;
				CLANG_CXX_LANGUAGE_STANDARD = "gnu++0x";
				CLANG_CXX_LIBRARY = "libc++";
				CLANG_ENABLE_MODULES = YES;
				CLANG_ENABLE_OBJC_ARC = YES;
				CLANG_WARN_BOOL_CONVERSION = YES;
				CLANG_WARN_CONSTANT_CONVERSION = YES;
				CLANG_WARN_DIRECT_OBJC_ISA_USAGE = YES_ERROR;
				CLANG_WARN_DOCUMENTATION_COMMENTS = YES;
				CLANG_WARN_EMPTY_BODY = YES;
				CLANG_WARN_ENUM_CONVERSION = YES;
				CLANG_WARN_INFINITE_RECURSION = YES;
				CLANG_WARN_INT_CONVERSION = YES;
				CLANG_WARN_OBJC_ROOT_CLASS = YES_ERROR;
				CLANG_WARN_SUSPICIOUS_MOVES = YES;
				CLANG_WARN_UNREACHABLE_CODE = YES;
				CLANG_WARN__DUPLICATE_METHOD_MATCH = YES;
				"CODE_SIGN_IDENTITY[sdk=iphoneos*]" = "iPhone Developer";
				COPY_PHASE_STRIP = NO;
				DEBUG_INFORMATION_FORMAT = dwarf;
				ENABLE_STRICT_OBJC_MSGSEND = YES;
				ENABLE_TESTABILITY = YES;
				GCC_C_LANGUAGE_STANDARD = gnu99;
				GCC_DYNAMIC_NO_PIC = NO;
				GCC_NO_COMMON_BLOCKS = YES;
				GCC_OPTIMIZATION_LEVEL = 0;
				GCC_PREPROCESSOR_DEFINITIONS = (
					"DEBUG=1",
					"$(inherited)",
				);
				GCC_WARN_64_TO_32_BIT_CONVERSION = YES;
				GCC_WARN_ABOUT_RETURN_TYPE = YES_ERROR;
				GCC_WARN_UNDECLARED_SELECTOR = YES;
				GCC_WARN_UNINITIALIZED_AUTOS = YES_AGGRESSIVE;
				GCC_WARN_UNUSED_FUNCTION = YES;
				GCC_WARN_UNUSED_VARIABLE = YES;
				IPHONEOS_DEPLOYMENT_TARGET = 10.0;
				MTL_ENABLE_DEBUG_INFO = YES;
				ONLY_ACTIVE_ARCH = YES;
				SDKROOT = iphoneos;
			};
			name = Debug;
		};
		93E710E21DC33CCE0050FE13 /* Release */ = {
			isa = XCBuildConfiguration;
			buildSettings = {
				ALWAYS_SEARCH_USER_PATHS = NO;
				CLANG_ANALYZER_NONNULL = YES;
				CLANG_CXX_LANGUAGE_STANDARD = "gnu++0x";
				CLANG_CXX_LIBRARY = "libc++";
				CLANG_ENABLE_MODULES = YES;
				CLANG_ENABLE_OBJC_ARC = YES;
				CLANG_WARN_BOOL_CONVERSION = YES;
				CLANG_WARN_CONSTANT_CONVERSION = YES;
				CLANG_WARN_DIRECT_OBJC_ISA_USAGE = YES_ERROR;
				CLANG_WARN_DOCUMENTATION_COMMENTS = YES;
				CLANG_WARN_EMPTY_BODY = YES;
				CLANG_WARN_ENUM_CONVERSION = YES;
				CLANG_WARN_INFINITE_RECURSION = YES;
				CLANG_WARN_INT_CONVERSION = YES;
				CLANG_WARN_OBJC_ROOT_CLASS = YES_ERROR;
				CLANG_WARN_SUSPICIOUS_MOVES = YES;
				CLANG_WARN_UNREACHABLE_CODE = YES;
				CLANG_WARN__DUPLICATE_METHOD_MATCH = YES;
				"CODE_SIGN_IDENTITY[sdk=iphoneos*]" = "iPhone Developer";
				COPY_PHASE_STRIP = NO;
				DEBUG_INFORMATION_FORMAT = "dwarf-with-dsym";
				ENABLE_NS_ASSERTIONS = NO;
				ENABLE_STRICT_OBJC_MSGSEND = YES;
				GCC_C_LANGUAGE_STANDARD = gnu99;
				GCC_NO_COMMON_BLOCKS = YES;
				GCC_WARN_64_TO_32_BIT_CONVERSION = YES;
				GCC_WARN_ABOUT_RETURN_TYPE = YES_ERROR;
				GCC_WARN_UNDECLARED_SELECTOR = YES;
				GCC_WARN_UNINITIALIZED_AUTOS = YES_AGGRESSIVE;
				GCC_WARN_UNUSED_FUNCTION = YES;
				GCC_WARN_UNUSED_VARIABLE = YES;
				IPHONEOS_DEPLOYMENT_TARGET = 10.0;
				MTL_ENABLE_DEBUG_INFO = NO;
				SDKROOT = iphoneos;
				VALIDATE_PRODUCT = YES;
			};
			name = Release;
		};
		93E710E41DC33CCE0050FE13 /* Debug */ = {
			isa = XCBuildConfiguration;
			baseConfigurationReference = 3B9231784E974385201C4C33 /* Pods-CarouselImageView的封装--Jialins.debug.xcconfig */;
			buildSettings = {
				ASSETCATALOG_COMPILER_APPICON_NAME = AppIcon;
				DEVELOPMENT_TEAM = T2F8VU8FF2;
				INFOPLIST_FILE = "CarouselImageView的封装--Jialins/Info.plist";
				LD_RUNPATH_SEARCH_PATHS = "$(inherited) @executable_path/Frameworks";
				PRODUCT_BUNDLE_IDENTIFIER = "YH.CarouselImageView-----Jialins";
				PRODUCT_NAME = "$(TARGET_NAME)";
			};
			name = Debug;
		};
		93E710E51DC33CCE0050FE13 /* Release */ = {
			isa = XCBuildConfiguration;
			baseConfigurationReference = 01E8E265FF6926351A1867E7 /* Pods-CarouselImageView的封装--Jialins.release.xcconfig */;
			buildSettings = {
				ASSETCATALOG_COMPILER_APPICON_NAME = AppIcon;
				DEVELOPMENT_TEAM = T2F8VU8FF2;
				INFOPLIST_FILE = "CarouselImageView的封装--Jialins/Info.plist";
				LD_RUNPATH_SEARCH_PATHS = "$(inherited) @executable_path/Frameworks";
				PRODUCT_BUNDLE_IDENTIFIER = "YH.CarouselImageView-----Jialins";
				PRODUCT_NAME = "$(TARGET_NAME)";
			};
			name = Release;
		};
/* End XCBuildConfiguration section */

/* Begin XCConfigurationList section */
		93E710C71DC33CCE0050FE13 /* Build configuration list for PBXProject "CarouselImageView的封装--Jialins" */ = {
			isa = XCConfigurationList;
			buildConfigurations = (
				93E710E11DC33CCE0050FE13 /* Debug */,
				93E710E21DC33CCE0050FE13 /* Release */,
			);
			defaultConfigurationIsVisible = 0;
			defaultConfigurationName = Release;
		};
		93E710E31DC33CCE0050FE13 /* Build configuration list for PBXNativeTarget "CarouselImageView的封装--Jialins" */ = {
			isa = XCConfigurationList;
			buildConfigurations = (
				93E710E41DC33CCE0050FE13 /* Debug */,
				93E710E51DC33CCE0050FE13 /* Release */,
			);
			defaultConfigurationIsVisible = 0;
			defaultConfigurationName = Release;
		};
/* End XCConfigurationList section */
	};
	rootObject = 93E710C41DC33CCE0050FE13 /* Project object */;
}
